// !$*UTF8*$!
{
	archiveVersion = 1;
	classes = {
	};
	objectVersion = 52;
	objects = {

/* Begin PBXBuildFile section */
		140075A52600889D00842D93 /* AppDelegate.swift in Sources */ = {isa = PBXBuildFile; fileRef = 140075A42600889D00842D93 /* AppDelegate.swift */; };
		140075AE260088A100842D93 /* Assets.xcassets in Resources */ = {isa = PBXBuildFile; fileRef = 140075AD260088A100842D93 /* Assets.xcassets */; };
		140075B1260088A100842D93 /* LaunchScreen.storyboard in Resources */ = {isa = PBXBuildFile; fileRef = 140075AF260088A100842D93 /* LaunchScreen.storyboard */; };
		140075C426008BD700842D93 /* UIView+Ex.swift in Sources */ = {isa = PBXBuildFile; fileRef = 140075C326008BD700842D93 /* UIView+Ex.swift */; };
		140075C726008BF100842D93 /* UIStackView+Ex.swift in Sources */ = {isa = PBXBuildFile; fileRef = 140075C626008BF100842D93 /* UIStackView+Ex.swift */; };
		140075CA26008C6900842D93 /* ForecastPresenter.swift in Sources */ = {isa = PBXBuildFile; fileRef = 140075C926008C6900842D93 /* ForecastPresenter.swift */; };
		140075CD26008C8C00842D93 /* TodayPresenter.swift in Sources */ = {isa = PBXBuildFile; fileRef = 140075CC26008C8C00842D93 /* TodayPresenter.swift */; };
		140075D026008CA100842D93 /* WeatherModel.swift in Sources */ = {isa = PBXBuildFile; fileRef = 140075CF26008CA100842D93 /* WeatherModel.swift */; };
		140075D426008CC900842D93 /* ForecastViewController.swift in Sources */ = {isa = PBXBuildFile; fileRef = 140075D326008CC900842D93 /* ForecastViewController.swift */; };
		140075D726008CFD00842D93 /* TodayViewController.swift in Sources */ = {isa = PBXBuildFile; fileRef = 140075D626008CFD00842D93 /* TodayViewController.swift */; };
		140075DB26008D9600842D93 /* MainTabBarController.swift in Sources */ = {isa = PBXBuildFile; fileRef = 140075DA26008D9600842D93 /* MainTabBarController.swift */; };
		140075DE26008DB900842D93 /* ModuleBuilder.swift in Sources */ = {isa = PBXBuildFile; fileRef = 140075DD26008DB900842D93 /* ModuleBuilder.swift */; };
		140075E426008F8C00842D93 /* SnapKit in Frameworks */ = {isa = PBXBuildFile; productRef = 140075E326008F8C00842D93 /* SnapKit */; };
		140075EE2600B68300842D93 /* CustomTableViewCell.swift in Sources */ = {isa = PBXBuildFile; fileRef = 140075ED2600B68300842D93 /* CustomTableViewCell.swift */; };
		140075F22600F04600842D93 /* NetworkManager.swift in Sources */ = {isa = PBXBuildFile; fileRef = 140075F12600F04600842D93 /* NetworkManager.swift */; };
		140075F92600F5E500842D93 /* NetworkError.swift in Sources */ = {isa = PBXBuildFile; fileRef = 140075F82600F5E500842D93 /* NetworkError.swift */; };
		142C7B792601E03E002A285B /* UIImageView+Ex.swift in Sources */ = {isa = PBXBuildFile; fileRef = 142C7B782601E03E002A285B /* UIImageView+Ex.swift */; };
/* End PBXBuildFile section */

/* Begin PBXFileReference section */
		140075A12600889D00842D93 /* WeatherApp.app */ = {isa = PBXFileReference; explicitFileType = wrapper.application; includeInIndex = 0; path = WeatherApp.app; sourceTree = BUILT_PRODUCTS_DIR; };
		140075A42600889D00842D93 /* AppDelegate.swift */ = {isa = PBXFileReference; lastKnownFileType = sourcecode.swift; path = AppDelegate.swift; sourceTree = "<group>"; };
		140075AD260088A100842D93 /* Assets.xcassets */ = {isa = PBXFileReference; lastKnownFileType = folder.assetcatalog; path = Assets.xcassets; sourceTree = "<group>"; };
		140075B0260088A100842D93 /* Base */ = {isa = PBXFileReference; lastKnownFileType = file.storyboard; name = Base; path = Base.lproj/LaunchScreen.storyboard; sourceTree = "<group>"; };
		140075B2260088A100842D93 /* Info.plist */ = {isa = PBXFileReference; lastKnownFileType = text.plist.xml; path = Info.plist; sourceTree = "<group>"; };
		140075C326008BD700842D93 /* UIView+Ex.swift */ = {isa = PBXFileReference; lastKnownFileType = sourcecode.swift; path = "UIView+Ex.swift"; sourceTree = "<group>"; };
		140075C626008BF100842D93 /* UIStackView+Ex.swift */ = {isa = PBXFileReference; lastKnownFileType = sourcecode.swift; path = "UIStackView+Ex.swift"; sourceTree = "<group>"; };
		140075C926008C6900842D93 /* ForecastPresenter.swift */ = {isa = PBXFileReference; lastKnownFileType = sourcecode.swift; path = ForecastPresenter.swift; sourceTree = "<group>"; };
		140075CC26008C8C00842D93 /* TodayPresenter.swift */ = {isa = PBXFileReference; lastKnownFileType = sourcecode.swift; path = TodayPresenter.swift; sourceTree = "<group>"; };
		140075CF26008CA100842D93 /* WeatherModel.swift */ = {isa = PBXFileReference; lastKnownFileType = sourcecode.swift; path = WeatherModel.swift; sourceTree = "<group>"; };
		140075D326008CC900842D93 /* ForecastViewController.swift */ = {isa = PBXFileReference; lastKnownFileType = sourcecode.swift; path = ForecastViewController.swift; sourceTree = "<group>"; };
		140075D626008CFD00842D93 /* TodayViewController.swift */ = {isa = PBXFileReference; lastKnownFileType = sourcecode.swift; path = TodayViewController.swift; sourceTree = "<group>"; };
		140075DA26008D9600842D93 /* MainTabBarController.swift */ = {isa = PBXFileReference; lastKnownFileType = sourcecode.swift; path = MainTabBarController.swift; sourceTree = "<group>"; };
		140075DD26008DB900842D93 /* ModuleBuilder.swift */ = {isa = PBXFileReference; lastKnownFileType = sourcecode.swift; path = ModuleBuilder.swift; sourceTree = "<group>"; };
		140075ED2600B68300842D93 /* CustomTableViewCell.swift */ = {isa = PBXFileReference; lastKnownFileType = sourcecode.swift; path = CustomTableViewCell.swift; sourceTree = "<group>"; };
		140075F12600F04600842D93 /* NetworkManager.swift */ = {isa = PBXFileReference; lastKnownFileType = sourcecode.swift; path = NetworkManager.swift; sourceTree = "<group>"; };
		140075F82600F5E500842D93 /* NetworkError.swift */ = {isa = PBXFileReference; lastKnownFileType = sourcecode.swift; path = NetworkError.swift; sourceTree = "<group>"; };
		142C7B782601E03E002A285B /* UIImageView+Ex.swift */ = {isa = PBXFileReference; lastKnownFileType = sourcecode.swift; path = "UIImageView+Ex.swift"; sourceTree = "<group>"; };
/* End PBXFileReference section */

/* Begin PBXFrameworksBuildPhase section */
		1400759E2600889D00842D93 /* Frameworks */ = {
			isa = PBXFrameworksBuildPhase;
			buildActionMask = 2147483647;
			files = (
				140075E426008F8C00842D93 /* SnapKit in Frameworks */,
			);
			runOnlyForDeploymentPostprocessing = 0;
		};
/* End PBXFrameworksBuildPhase section */

/* Begin PBXGroup section */
		140075982600889D00842D93 = {
			isa = PBXGroup;
			children = (
				140075A32600889D00842D93 /* WeatherApp */,
				140075A22600889D00842D93 /* Products */,
			);
			sourceTree = "<group>";
		};
		140075A22600889D00842D93 /* Products */ = {
			isa = PBXGroup;
			children = (
				140075A12600889D00842D93 /* WeatherApp.app */,
			);
			name = Products;
			sourceTree = "<group>";
		};
		140075A32600889D00842D93 /* WeatherApp */ = {
			isa = PBXGroup;
			children = (
				140075C126008B2900842D93 /* App */,
				140075C026008B2500842D93 /* View */,
				140075BF26008B1E00842D93 /* Model */,
				140075BE26008B1400842D93 /* Presenter */,
				140075BC26008AB900842D93 /* Supporting Files */,
			);
			path = WeatherApp;
			sourceTree = "<group>";
		};
		140075BC26008AB900842D93 /* Supporting Files */ = {
			isa = PBXGroup;
			children = (
				140075AD260088A100842D93 /* Assets.xcassets */,
				140075AF260088A100842D93 /* LaunchScreen.storyboard */,
				140075B2260088A100842D93 /* Info.plist */,
			);
			path = "Supporting Files";
			sourceTree = "<group>";
		};
		140075BE26008B1400842D93 /* Presenter */ = {
			isa = PBXGroup;
			children = (
				140075CC26008C8C00842D93 /* TodayPresenter.swift */,
				140075C926008C6900842D93 /* ForecastPresenter.swift */,
			);
			path = Presenter;
			sourceTree = "<group>";
		};
		140075BF26008B1E00842D93 /* Model */ = {
			isa = PBXGroup;
			children = (
				140075CF26008CA100842D93 /* WeatherModel.swift */,
			);
			path = Model;
			sourceTree = "<group>";
		};
		140075C026008B2500842D93 /* View */ = {
			isa = PBXGroup;
			children = (
				140075D626008CFD00842D93 /* TodayViewController.swift */,
				140075D326008CC900842D93 /* ForecastViewController.swift */,
				140075ED2600B68300842D93 /* CustomTableViewCell.swift */,
			);
			path = View;
			sourceTree = "<group>";
		};
		140075C126008B2900842D93 /* App */ = {
			isa = PBXGroup;
			children = (
				140075F52600F05600842D93 /* Managers */,
				140075C226008BC500842D93 /* Extensions */,
				140075A42600889D00842D93 /* AppDelegate.swift */,
				140075DD26008DB900842D93 /* ModuleBuilder.swift */,
				140075DA26008D9600842D93 /* MainTabBarController.swift */,
			);
			path = App;
			sourceTree = "<group>";
		};
		140075C226008BC500842D93 /* Extensions */ = {
			isa = PBXGroup;
			children = (
				140075C326008BD700842D93 /* UIView+Ex.swift */,
				140075C626008BF100842D93 /* UIStackView+Ex.swift */,
				142C7B782601E03E002A285B /* UIImageView+Ex.swift */,
			);
			path = Extensions;
			sourceTree = "<group>";
		};
		140075F52600F05600842D93 /* Managers */ = {
			isa = PBXGroup;
			children = (
				140075F72600F5D000842D93 /* Networking */,
			);
			path = Managers;
			sourceTree = "<group>";
		};
		140075F72600F5D000842D93 /* Networking */ = {
			isa = PBXGroup;
			children = (
				140075F12600F04600842D93 /* NetworkManager.swift */,
				140075F82600F5E500842D93 /* NetworkError.swift */,
			);
			path = Networking;
			sourceTree = "<group>";
		};
/* End PBXGroup section */

/* Begin PBXNativeTarget section */
		140075A02600889D00842D93 /* WeatherApp */ = {
			isa = PBXNativeTarget;
			buildConfigurationList = 140075B5260088A100842D93 /* Build configuration list for PBXNativeTarget "WeatherApp" */;
			buildPhases = (
				1400759D2600889D00842D93 /* Sources */,
				1400759E2600889D00842D93 /* Frameworks */,
				1400759F2600889D00842D93 /* Resources */,
			);
			buildRules = (
			);
			dependencies = (
			);
			name = WeatherApp;
			packageProductDependencies = (
				140075E326008F8C00842D93 /* SnapKit */,
			);
			productName = WeatherApp;
			productReference = 140075A12600889D00842D93 /* WeatherApp.app */;
			productType = "com.apple.product-type.application";
		};
/* End PBXNativeTarget section */

/* Begin PBXProject section */
		140075992600889D00842D93 /* Project object */ = {
			isa = PBXProject;
			attributes = {
				LastSwiftUpdateCheck = 1240;
				LastUpgradeCheck = 1240;
				TargetAttributes = {
					140075A02600889D00842D93 = {
						CreatedOnToolsVersion = 12.4;
					};
				};
			};
			buildConfigurationList = 1400759C2600889D00842D93 /* Build configuration list for PBXProject "WeatherApp" */;
			compatibilityVersion = "Xcode 9.3";
			developmentRegion = en;
			hasScannedForEncodings = 0;
			knownRegions = (
				en,
				Base,
			);
			mainGroup = 140075982600889D00842D93;
			packageReferences = (
				140075E226008F8C00842D93 /* XCRemoteSwiftPackageReference "SnapKit" */,
			);
			productRefGroup = 140075A22600889D00842D93 /* Products */;
			projectDirPath = "";
			projectRoot = "";
			targets = (
				140075A02600889D00842D93 /* WeatherApp */,
			);
		};
/* End PBXProject section */

/* Begin PBXResourcesBuildPhase section */
		1400759F2600889D00842D93 /* Resources */ = {
			isa = PBXResourcesBuildPhase;
			buildActionMask = 2147483647;
			files = (
				140075B1260088A100842D93 /* LaunchScreen.storyboard in Resources */,
				140075AE260088A100842D93 /* Assets.xcassets in Resources */,
			);
			runOnlyForDeploymentPostprocessing = 0;
		};
/* End PBXResourcesBuildPhase section */

/* Begin PBXSourcesBuildPhase section */
		1400759D2600889D00842D93 /* Sources */ = {
			isa = PBXSourcesBuildPhase;
			buildActionMask = 2147483647;
			files = (
				140075CD26008C8C00842D93 /* TodayPresenter.swift in Sources */,
				140075F92600F5E500842D93 /* NetworkError.swift in Sources */,
				140075DB26008D9600842D93 /* MainTabBarController.swift in Sources */,
				140075D726008CFD00842D93 /* TodayViewController.swift in Sources */,
				140075F22600F04600842D93 /* NetworkManager.swift in Sources */,
				140075DE26008DB900842D93 /* ModuleBuilder.swift in Sources */,
				140075A52600889D00842D93 /* AppDelegate.swift in Sources */,
				140075EE2600B68300842D93 /* CustomTableViewCell.swift in Sources */,
				140075D026008CA100842D93 /* WeatherModel.swift in Sources */,
				140075CA26008C6900842D93 /* ForecastPresenter.swift in Sources */,
				140075D426008CC900842D93 /* ForecastViewController.swift in Sources */,
				140075C726008BF100842D93 /* UIStackView+Ex.swift in Sources */,
				140075C426008BD700842D93 /* UIView+Ex.swift in Sources */,
				142C7B792601E03E002A285B /* UIImageView+Ex.swift in Sources */,
			);
			runOnlyForDeploymentPostprocessing = 0;
		};
/* End PBXSourcesBuildPhase section */

/* Begin PBXVariantGroup section */
		140075AF260088A100842D93 /* LaunchScreen.storyboard */ = {
			isa = PBXVariantGroup;
			children = (
				140075B0260088A100842D93 /* Base */,
			);
			name = LaunchScreen.storyboard;
			sourceTree = "<group>";
		};
/* End PBXVariantGroup section */

/* Begin XCBuildConfiguration section */
		140075B3260088A100842D93 /* Debug */ = {
			isa = XCBuildConfiguration;
			buildSettings = {
				ALWAYS_SEARCH_USER_PATHS = NO;
				CLANG_ANALYZER_NONNULL = YES;
				CLANG_ANALYZER_NUMBER_OBJECT_CONVERSION = YES_AGGRESSIVE;
				CLANG_CXX_LANGUAGE_STANDARD = "gnu++14";
				CLANG_CXX_LIBRARY = "libc++";
				CLANG_ENABLE_MODULES = YES;
				CLANG_ENABLE_OBJC_ARC = YES;
				CLANG_ENABLE_OBJC_WEAK = YES;
				CLANG_WARN_BLOCK_CAPTURE_AUTORELEASING = YES;
				CLANG_WARN_BOOL_CONVERSION = YES;
				CLANG_WARN_COMMA = YES;
				CLANG_WARN_CONSTANT_CONVERSION = YES;
				CLANG_WARN_DEPRECATED_OBJC_IMPLEMENTATIONS = YES;
				CLANG_WARN_DIRECT_OBJC_ISA_USAGE = YES_ERROR;
				CLANG_WARN_DOCUMENTATION_COMMENTS = YES;
				CLANG_WARN_EMPTY_BODY = YES;
				CLANG_WARN_ENUM_CONVERSION = YES;
				CLANG_WARN_INFINITE_RECURSION = YES;
				CLANG_WARN_INT_CONVERSION = YES;
				CLANG_WARN_NON_LITERAL_NULL_CONVERSION = YES;
				CLANG_WARN_OBJC_IMPLICIT_RETAIN_SELF = YES;
				CLANG_WARN_OBJC_LITERAL_CONVERSION = YES;
				CLANG_WARN_OBJC_ROOT_CLASS = YES_ERROR;
				CLANG_WARN_QUOTED_INCLUDE_IN_FRAMEWORK_HEADER = YES;
				CLANG_WARN_RANGE_LOOP_ANALYSIS = YES;
				CLANG_WARN_STRICT_PROTOTYPES = YES;
				CLANG_WARN_SUSPICIOUS_MOVE = YES;
				CLANG_WARN_UNGUARDED_AVAILABILITY = YES_AGGRESSIVE;
				CLANG_WARN_UNREACHABLE_CODE = YES;
				CLANG_WARN__DUPLICATE_METHOD_MATCH = YES;
				COPY_PHASE_STRIP = NO;
				DEBUG_INFORMATION_FORMAT = dwarf;
				ENABLE_STRICT_OBJC_MSGSEND = YES;
				ENABLE_TESTABILITY = YES;
				GCC_C_LANGUAGE_STANDARD = gnu11;
				GCC_DYNAMIC_NO_PIC = NO;
				GCC_NO_COMMON_BLOCKS = YES;
				GCC_OPTIMIZATION_LEVEL = 0;
				GCC_PREPROCESSOR_DEFINITIONS = (
					"DEBUG=1",
					"$(inherited)",
				);
				GCC_WARN_64_TO_32_BIT_CONVERSION = YES;
				GCC_WARN_ABOUT_RETURN_TYPE = YES_ERROR;
				GCC_WARN_UNDECLARED_SELECTOR = YES;
				GCC_WARN_UNINITIALIZED_AUTOS = YES_AGGRESSIVE;
				GCC_WARN_UNUSED_FUNCTION = YES;
				GCC_WARN_UNUSED_VARIABLE = YES;
				IPHONEOS_DEPLOYMENT_TARGET = 14.4;
				MTL_ENABLE_DEBUG_INFO = INCLUDE_SOURCE;
				MTL_FAST_MATH = YES;
				ONLY_ACTIVE_ARCH = YES;
				SDKROOT = iphoneos;
				SWIFT_ACTIVE_COMPILATION_CONDITIONS = DEBUG;
				SWIFT_OPTIMIZATION_LEVEL = "-Onone";
			};
			name = Debug;
		};
		140075B4260088A100842D93 /* Release */ = {
			isa = XCBuildConfiguration;
			buildSettings = {
				ALWAYS_SEARCH_USER_PATHS = NO;
				CLANG_ANALYZER_NONNULL = YES;
				CLANG_ANALYZER_NUMBER_OBJECT_CONVERSION = YES_AGGRESSIVE;
				CLANG_CXX_LANGUAGE_STANDARD = "gnu++14";
				CLANG_CXX_LIBRARY = "libc++";
				CLANG_ENABLE_MODULES = YES;
				CLANG_ENABLE_OBJC_ARC = YES;
				CLANG_ENABLE_OBJC_WEAK = YES;
				CLANG_WARN_BLOCK_CAPTURE_AUTORELEASING = YES;
				CLANG_WARN_BOOL_CONVERSION = YES;
				CLANG_WARN_COMMA = YES;
				CLANG_WARN_CONSTANT_CONVERSION = YES;
				CLANG_WARN_DEPRECATED_OBJC_IMPLEMENTATIONS = YES;
				CLANG_WARN_DIRECT_OBJC_ISA_USAGE = YES_ERROR;
				CLANG_WARN_DOCUMENTATION_COMMENTS = YES;
				CLANG_WARN_EMPTY_BODY = YES;
				CLANG_WARN_ENUM_CONVERSION = YES;
				CLANG_WARN_INFINITE_RECURSION = YES;
				CLANG_WARN_INT_CONVERSION = YES;
				CLANG_WARN_NON_LITERAL_NULL_CONVERSION = YES;
				CLANG_WARN_OBJC_IMPLICIT_RETAIN_SELF = YES;
				CLANG_WARN_OBJC_LITERAL_CONVERSION = YES;
				CLANG_WARN_OBJC_ROOT_CLASS = YES_ERROR;
				CLANG_WARN_QUOTED_INCLUDE_IN_FRAMEWORK_HEADER = YES;
				CLANG_WARN_RANGE_LOOP_ANALYSIS = YES;
				CLANG_WARN_STRICT_PROTOTYPES = YES;
				CLANG_WARN_SUSPICIOUS_MOVE = YES;
				CLANG_WARN_UNGUARDED_AVAILABILITY = YES_AGGRESSIVE;
				CLANG_WARN_UNREACHABLE_CODE = YES;
				CLANG_WARN__DUPLICATE_METHOD_MATCH = YES;
				COPY_PHASE_STRIP = NO;
				DEBUG_INFORMATION_FORMAT = "dwarf-with-dsym";
				ENABLE_NS_ASSERTIONS = NO;
				ENABLE_STRICT_OBJC_MSGSEND = YES;
				GCC_C_LANGUAGE_STANDARD = gnu11;
				GCC_NO_COMMON_BLOCKS = YES;
				GCC_WARN_64_TO_32_BIT_CONVERSION = YES;
				GCC_WARN_ABOUT_RETURN_TYPE = YES_ERROR;
				GCC_WARN_UNDECLARED_SELECTOR = YES;
				GCC_WARN_UNINITIALIZED_AUTOS = YES_AGGRESSIVE;
				GCC_WARN_UNUSED_FUNCTION = YES;
				GCC_WARN_UNUSED_VARIABLE = YES;
				IPHONEOS_DEPLOYMENT_TARGET = 14.4;
				MTL_ENABLE_DEBUG_INFO = NO;
				MTL_FAST_MATH = YES;
				SDKROOT = iphoneos;
				SWIFT_COMPILATION_MODE = wholemodule;
				SWIFT_OPTIMIZATION_LEVEL = "-O";
				VALIDATE_PRODUCT = YES;
			};
			name = Release;
		};
		140075B6260088A100842D93 /* Debug */ = {
			isa = XCBuildConfiguration;
			buildSettings = {
				ASSETCATALOG_COMPILER_APPICON_NAME = AppIcon;
				ASSETCATALOG_COMPILER_GLOBAL_ACCENT_COLOR_NAME = AccentColor;
				CODE_SIGN_STYLE = Automatic;
				DEVELOPMENT_TEAM = BBD9R4HKY2;
				INFOPLIST_FILE = "WeatherApp/Supporting Files/Info.plist";
				LD_RUNPATH_SEARCH_PATHS = (
					"$(inherited)",
					"@executable_path/Frameworks",
				);
				PRODUCT_BUNDLE_IDENTIFIER = HellizarApps.com.WeatherApp;
				PRODUCT_NAME = "$(TARGET_NAME)";
				SWIFT_VERSION = 5.0;
				TARGETED_DEVICE_FAMILY = "1,2";
			};
			name = Debug;
		};
		140075B7260088A100842D93 /* Release */ = {
			isa = XCBuildConfiguration;
			buildSettings = {
				ASSETCATALOG_COMPILER_APPICON_NAME = AppIcon;
				ASSETCATALOG_COMPILER_GLOBAL_ACCENT_COLOR_NAME = AccentColor;
				CODE_SIGN_STYLE = Automatic;
				DEVELOPMENT_TEAM = BBD9R4HKY2;
				INFOPLIST_FILE = "WeatherApp/Supporting Files/Info.plist";
				LD_RUNPATH_SEARCH_PATHS = (
					"$(inherited)",
					"@executable_path/Frameworks",
				);
				PRODUCT_BUNDLE_IDENTIFIER = HellizarApps.com.WeatherApp;
				PRODUCT_NAME = "$(TARGET_NAME)";
				SWIFT_VERSION = 5.0;
				TARGETED_DEVICE_FAMILY = "1,2";
			};
			name = Release;
		};
/* End XCBuildConfiguration section */

/* Begin XCConfigurationList section */
		1400759C2600889D00842D93 /* Build configuration list for PBXProject "WeatherApp" */ = {
			isa = XCConfigurationList;
			buildConfigurations = (
				140075B3260088A100842D93 /* Debug */,
				140075B4260088A100842D93 /* Release */,
			);
			defaultConfigurationIsVisible = 0;
			defaultConfigurationName = Release;
		};
		140075B5260088A100842D93 /* Build configuration list for PBXNativeTarget "WeatherApp" */ = {
			isa = XCConfigurationList;
			buildConfigurations = (
				140075B6260088A100842D93 /* Debug */,
				140075B7260088A100842D93 /* Release */,
			);
			defaultConfigurationIsVisible = 0;
			defaultConfigurationName = Release;
		};
/* End XCConfigurationList section */

/* Begin XCRemoteSwiftPackageReference section */
		140075E226008F8C00842D93 /* XCRemoteSwiftPackageReference "SnapKit" */ = {
			isa = XCRemoteSwiftPackageReference;
			repositoryURL = "https://github.com/SnapKit/SnapKit";
			requirement = {
				kind = upToNextMajorVersion;
				minimumVersion = 5.0.1;
			};
		};
/* End XCRemoteSwiftPackageReference section */

/* Begin XCSwiftPackageProductDependency section */
		140075E326008F8C00842D93 /* SnapKit */ = {
			isa = XCSwiftPackageProductDependency;
			package = 140075E226008F8C00842D93 /* XCRemoteSwiftPackageReference "SnapKit" */;
			productName = SnapKit;
		};
/* End XCSwiftPackageProductDependency section */
	};
	rootObject = 140075992600889D00842D93 /* Project object */;
}
